
Microsoft Visual Studio Solution File, Format Version 12.00
# Visual Studio Version 16
VisualStudioVersion = 16.0.29709.97
MinimumVisualStudioVersion = 10.0.40219.1
Project("{FAE04EC0-301F-11D3-BF4B-00C04F79EFBC}") = "gameoflife", "gameoflife\gameoflife.csproj", "{5672CAE9-B565-47FB-A433-D80205B70CDF}"
EndProject
Global
	GlobalSection(SolutionConfigurationPlatforms) = preSolution
		Debug|Any CPU = Debug|Any CPU
		Release|Any CPU = Release|Any CPU
	EndGlobalSection
	GlobalSection(ProjectConfigurationPlatforms) = postSolution
		{5672CAE9-B565-47FB-A433-D80205B70CDF}.Debug|Any CPU.ActiveCfg = Debug|Any CPU
		{5672CAE9-B565-47FB-A433-D80205B70CDF}.Debug|Any CPU.Build.0 = Debug|Any CPU
		{5672CAE9-B565-47FB-A433-D80205B70CDF}.Release|Any CPU.ActiveCfg = Release|Any CPU
		{5672CAE9-B565-47FB-A433-D80205B70CDF}.Release|Any CPU.Build.0 = Release|Any CPU
	EndGlobalSection
	GlobalSection(SolutionProperties) = preSolution
		HideSolutionNode = FALSE
	EndGlobalSection
	GlobalSection(ExtensibilityGlobals) = postSolution
		SolutionGuid = {23C8B0A6-2D10-4265-9024-77952CB212DC}
	EndGlobalSection
EndGlobal
